// !$*UTF8*$!
{
	archiveVersion = 1;
	classes = {
	};
	objectVersion = 50;
	objects = {

/* Begin PBXBuildFile section */
		F3E381A42522793700FD9E67 /* AppDelegate.swift in Sources */ = {isa = PBXBuildFile; fileRef = F3E381A32522793700FD9E67 /* AppDelegate.swift */; };
		F3E381A62522793700FD9E67 /* SceneDelegate.swift in Sources */ = {isa = PBXBuildFile; fileRef = F3E381A52522793700FD9E67 /* SceneDelegate.swift */; };
		F3E381A82522793700FD9E67 /* ViewController.swift in Sources */ = {isa = PBXBuildFile; fileRef = F3E381A72522793700FD9E67 /* ViewController.swift */; };
		F3E381AB2522793700FD9E67 /* Main.storyboard in Resources */ = {isa = PBXBuildFile; fileRef = F3E381A92522793700FD9E67 /* Main.storyboard */; };
		F3E381AD2522793900FD9E67 /* Assets.xcassets in Resources */ = {isa = PBXBuildFile; fileRef = F3E381AC2522793900FD9E67 /* Assets.xcassets */; };
		F3E381B02522793900FD9E67 /* LaunchScreen.storyboard in Resources */ = {isa = PBXBuildFile; fileRef = F3E381AE2522793900FD9E67 /* LaunchScreen.storyboard */; };
		F3E381BB2522793A00FD9E67 /* OpenWeatherAppTests.swift in Sources */ = {isa = PBXBuildFile; fileRef = F3E381BA2522793A00FD9E67 /* OpenWeatherAppTests.swift */; };
		F3E381C62522793A00FD9E67 /* OpenWeatherAppUITests.swift in Sources */ = {isa = PBXBuildFile; fileRef = F3E381C52522793A00FD9E67 /* OpenWeatherAppUITests.swift */; };
/* End PBXBuildFile section */

/* Begin PBXContainerItemProxy section */
		F3E381B72522793A00FD9E67 /* PBXContainerItemProxy */ = {
			isa = PBXContainerItemProxy;
			containerPortal = F3E381982522793700FD9E67 /* Project object */;
			proxyType = 1;
			remoteGlobalIDString = F3E3819F2522793700FD9E67;
			remoteInfo = OpenWeatherApp;
		};
		F3E381C22522793A00FD9E67 /* PBXContainerItemProxy */ = {
			isa = PBXContainerItemProxy;
			containerPortal = F3E381982522793700FD9E67 /* Project object */;
			proxyType = 1;
			remoteGlobalIDString = F3E3819F2522793700FD9E67;
			remoteInfo = OpenWeatherApp;
		};
/* End PBXContainerItemProxy section */

/* Begin PBXFileReference section */
		F3E381A02522793700FD9E67 /* OpenWeatherApp.app */ = {isa = PBXFileReference; explicitFileType = wrapper.application; includeInIndex = 0; path = OpenWeatherApp.app; sourceTree = BUILT_PRODUCTS_DIR; };
		F3E381A32522793700FD9E67 /* AppDelegate.swift */ = {isa = PBXFileReference; lastKnownFileType = sourcecode.swift; path = AppDelegate.swift; sourceTree = "<group>"; };
		F3E381A52522793700FD9E67 /* SceneDelegate.swift */ = {isa = PBXFileReference; lastKnownFileType = sourcecode.swift; path = SceneDelegate.swift; sourceTree = "<group>"; };
		F3E381A72522793700FD9E67 /* ViewController.swift */ = {isa = PBXFileReference; lastKnownFileType = sourcecode.swift; path = ViewController.swift; sourceTree = "<group>"; };
		F3E381AA2522793700FD9E67 /* Base */ = {isa = PBXFileReference; lastKnownFileType = file.storyboard; name = Base; path = Base.lproj/Main.storyboard; sourceTree = "<group>"; };
		F3E381AC2522793900FD9E67 /* Assets.xcassets */ = {isa = PBXFileReference; lastKnownFileType = folder.assetcatalog; path = Assets.xcassets; sourceTree = "<group>"; };
		F3E381AF2522793900FD9E67 /* Base */ = {isa = PBXFileReference; lastKnownFileType = file.storyboard; name = Base; path = Base.lproj/LaunchScreen.storyboard; sourceTree = "<group>"; };
		F3E381B12522793900FD9E67 /* Info.plist */ = {isa = PBXFileReference; lastKnownFileType = text.plist.xml; path = Info.plist; sourceTree = "<group>"; };
		F3E381B62522793A00FD9E67 /* OpenWeatherAppTests.xctest */ = {isa = PBXFileReference; explicitFileType = wrapper.cfbundle; includeInIndex = 0; path = OpenWeatherAppTests.xctest; sourceTree = BUILT_PRODUCTS_DIR; };
		F3E381BA2522793A00FD9E67 /* OpenWeatherAppTests.swift */ = {isa = PBXFileReference; lastKnownFileType = sourcecode.swift; path = OpenWeatherAppTests.swift; sourceTree = "<group>"; };
		F3E381BC2522793A00FD9E67 /* Info.plist */ = {isa = PBXFileReference; lastKnownFileType = text.plist.xml; path = Info.plist; sourceTree = "<group>"; };
		F3E381C12522793A00FD9E67 /* OpenWeatherAppUITests.xctest */ = {isa = PBXFileReference; explicitFileType = wrapper.cfbundle; includeInIndex = 0; path = OpenWeatherAppUITests.xctest; sourceTree = BUILT_PRODUCTS_DIR; };
		F3E381C52522793A00FD9E67 /* OpenWeatherAppUITests.swift */ = {isa = PBXFileReference; lastKnownFileType = sourcecode.swift; path = OpenWeatherAppUITests.swift; sourceTree = "<group>"; };
		F3E381C72522793A00FD9E67 /* Info.plist */ = {isa = PBXFileReference; lastKnownFileType = text.plist.xml; path = Info.plist; sourceTree = "<group>"; };
/* End PBXFileReference section */

/* Begin PBXFrameworksBuildPhase section */
		F3E3819D2522793700FD9E67 /* Frameworks */ = {
			isa = PBXFrameworksBuildPhase;
			buildActionMask = 2147483647;
			files = (
			);
			runOnlyForDeploymentPostprocessing = 0;
		};
		F3E381B32522793A00FD9E67 /* Frameworks */ = {
			isa = PBXFrameworksBuildPhase;
			buildActionMask = 2147483647;
			files = (
			);
			runOnlyForDeploymentPostprocessing = 0;
		};
		F3E381BE2522793A00FD9E67 /* Frameworks */ = {
			isa = PBXFrameworksBuildPhase;
			buildActionMask = 2147483647;
			files = (
			);
			runOnlyForDeploymentPostprocessing = 0;
		};
/* End PBXFrameworksBuildPhase section */

/* Begin PBXGroup section */
		F3E381972522793700FD9E67 = {
			isa = PBXGroup;
			children = (
				F3E381A22522793700FD9E67 /* OpenWeatherApp */,
				F3E381B92522793A00FD9E67 /* OpenWeatherAppTests */,
				F3E381C42522793A00FD9E67 /* OpenWeatherAppUITests */,
				F3E381A12522793700FD9E67 /* Products */,
			);
			sourceTree = "<group>";
		};
		F3E381A12522793700FD9E67 /* Products */ = {
			isa = PBXGroup;
			children = (
				F3E381A02522793700FD9E67 /* OpenWeatherApp.app */,
				F3E381B62522793A00FD9E67 /* OpenWeatherAppTests.xctest */,
				F3E381C12522793A00FD9E67 /* OpenWeatherAppUITests.xctest */,
			);
			name = Products;
			sourceTree = "<group>";
		};
		F3E381A22522793700FD9E67 /* OpenWeatherApp */ = {
			isa = PBXGroup;
			children = (
				F3E381A32522793700FD9E67 /* AppDelegate.swift */,
				F3E381A52522793700FD9E67 /* SceneDelegate.swift */,
				F3E381A72522793700FD9E67 /* ViewController.swift */,
				F3E381A92522793700FD9E67 /* Main.storyboard */,
				F3E381AC2522793900FD9E67 /* Assets.xcassets */,
				F3E381AE2522793900FD9E67 /* LaunchScreen.storyboard */,
				F3E381B12522793900FD9E67 /* Info.plist */,
			);
			path = OpenWeatherApp;
			sourceTree = "<group>";
		};
		F3E381B92522793A00FD9E67 /* OpenWeatherAppTests */ = {
			isa = PBXGroup;
			children = (
				F3E381BA2522793A00FD9E67 /* OpenWeatherAppTests.swift */,
				F3E381BC2522793A00FD9E67 /* Info.plist */,
			);
			path = OpenWeatherAppTests;
			sourceTree = "<group>";
		};
		F3E381C42522793A00FD9E67 /* OpenWeatherAppUITests */ = {
			isa = PBXGroup;
			children = (
				F3E381C52522793A00FD9E67 /* OpenWeatherAppUITests.swift */,
				F3E381C72522793A00FD9E67 /* Info.plist */,
			);
			path = OpenWeatherAppUITests;
			sourceTree = "<group>";
		};
/* End PBXGroup section */

/* Begin PBXNativeTarget section */
		F3E3819F2522793700FD9E67 /* OpenWeatherApp */ = {
			isa = PBXNativeTarget;
			buildConfigurationList = F3E381CA2522793A00FD9E67 /* Build configuration list for PBXNativeTarget "OpenWeatherApp" */;
			buildPhases = (
				F3E3819C2522793700FD9E67 /* Sources */,
				F3E3819D2522793700FD9E67 /* Frameworks */,
				F3E3819E2522793700FD9E67 /* Resources */,
			);
			buildRules = (
			);
			dependencies = (
			);
			name = OpenWeatherApp;
			productName = OpenWeatherApp;
			productReference = F3E381A02522793700FD9E67 /* OpenWeatherApp.app */;
			productType = "com.apple.product-type.application";
		};
		F3E381B52522793A00FD9E67 /* OpenWeatherAppTests */ = {
			isa = PBXNativeTarget;
			buildConfigurationList = F3E381CD2522793A00FD9E67 /* Build configuration list for PBXNativeTarget "OpenWeatherAppTests" */;
			buildPhases = (
				F3E381B22522793A00FD9E67 /* Sources */,
				F3E381B32522793A00FD9E67 /* Frameworks */,
				F3E381B42522793A00FD9E67 /* Resources */,
			);
			buildRules = (
			);
			dependencies = (
				F3E381B82522793A00FD9E67 /* PBXTargetDependency */,
			);
			name = OpenWeatherAppTests;
			productName = OpenWeatherAppTests;
			productReference = F3E381B62522793A00FD9E67 /* OpenWeatherAppTests.xctest */;
			productType = "com.apple.product-type.bundle.unit-test";
		};
		F3E381C02522793A00FD9E67 /* OpenWeatherAppUITests */ = {
			isa = PBXNativeTarget;
			buildConfigurationList = F3E381D02522793A00FD9E67 /* Build configuration list for PBXNativeTarget "OpenWeatherAppUITests" */;
			buildPhases = (
				F3E381BD2522793A00FD9E67 /* Sources */,
				F3E381BE2522793A00FD9E67 /* Frameworks */,
				F3E381BF2522793A00FD9E67 /* Resources */,
			);
			buildRules = (
			);
			dependencies = (
				F3E381C32522793A00FD9E67 /* PBXTargetDependency */,
			);
			name = OpenWeatherAppUITests;
			productName = OpenWeatherAppUITests;
			productReference = F3E381C12522793A00FD9E67 /* OpenWeatherAppUITests.xctest */;
			productType = "com.apple.product-type.bundle.ui-testing";
		};
/* End PBXNativeTarget section */

/* Begin PBXProject section */
		F3E381982522793700FD9E67 /* Project object */ = {
			isa = PBXProject;
			attributes = {
				LastSwiftUpdateCheck = 1200;
				LastUpgradeCheck = 1200;
				TargetAttributes = {
					F3E3819F2522793700FD9E67 = {
						CreatedOnToolsVersion = 12.0.1;
					};
					F3E381B52522793A00FD9E67 = {
						CreatedOnToolsVersion = 12.0.1;
						TestTargetID = F3E3819F2522793700FD9E67;
					};
					F3E381C02522793A00FD9E67 = {
						CreatedOnToolsVersion = 12.0.1;
						TestTargetID = F3E3819F2522793700FD9E67;
					};
				};
			};
			buildConfigurationList = F3E3819B2522793700FD9E67 /* Build configuration list for PBXProject "OpenWeatherApp" */;
			compatibilityVersion = "Xcode 9.3";
			developmentRegion = en;
			hasScannedForEncodings = 0;
			knownRegions = (
				en,
				Base,
			);
			mainGroup = F3E381972522793700FD9E67;
			productRefGroup = F3E381A12522793700FD9E67 /* Products */;
			projectDirPath = "";
			projectRoot = "";
			targets = (
				F3E3819F2522793700FD9E67 /* OpenWeatherApp */,
				F3E381B52522793A00FD9E67 /* OpenWeatherAppTests */,
				F3E381C02522793A00FD9E67 /* OpenWeatherAppUITests */,
			);
		};
/* End PBXProject section */

/* Begin PBXResourcesBuildPhase section */
		F3E3819E2522793700FD9E67 /* Resources */ = {
			isa = PBXResourcesBuildPhase;
			buildActionMask = 2147483647;
			files = (
				F3E381B02522793900FD9E67 /* LaunchScreen.storyboard in Resources */,
				F3E381AD2522793900FD9E67 /* Assets.xcassets in Resources */,
				F3E381AB2522793700FD9E67 /* Main.storyboard in Resources */,
			);
			runOnlyForDeploymentPostprocessing = 0;
		};
		F3E381B42522793A00FD9E67 /* Resources */ = {
			isa = PBXResourcesBuildPhase;
			buildActionMask = 2147483647;
			files = (
			);
			runOnlyForDeploymentPostprocessing = 0;
		};
		F3E381BF2522793A00FD9E67 /* Resources */ = {
			isa = PBXResourcesBuildPhase;
			buildActionMask = 2147483647;
			files = (
			);
			runOnlyForDeploymentPostprocessing = 0;
		};
/* End PBXResourcesBuildPhase section */

/* Begin PBXSourcesBuildPhase section */
		F3E3819C2522793700FD9E67 /* Sources */ = {
			isa = PBXSourcesBuildPhase;
			buildActionMask = 2147483647;
			files = (
				F3E381A82522793700FD9E67 /* ViewController.swift in Sources */,
				F3E381A42522793700FD9E67 /* AppDelegate.swift in Sources */,
				F3E381A62522793700FD9E67 /* SceneDelegate.swift in Sources */,
			);
			runOnlyForDeploymentPostprocessing = 0;
		};
		F3E381B22522793A00FD9E67 /* Sources */ = {
			isa = PBXSourcesBuildPhase;
			buildActionMask = 2147483647;
			files = (
				F3E381BB2522793A00FD9E67 /* OpenWeatherAppTests.swift in Sources */,
			);
			runOnlyForDeploymentPostprocessing = 0;
		};
		F3E381BD2522793A00FD9E67 /* Sources */ = {
			isa = PBXSourcesBuildPhase;
			buildActionMask = 2147483647;
			files = (
				F3E381C62522793A00FD9E67 /* OpenWeatherAppUITests.swift in Sources */,
			);
			runOnlyForDeploymentPostprocessing = 0;
		};
/* End PBXSourcesBuildPhase section */

/* Begin PBXTargetDependency section */
		F3E381B82522793A00FD9E67 /* PBXTargetDependency */ = {
			isa = PBXTargetDependency;
			target = F3E3819F2522793700FD9E67 /* OpenWeatherApp */;
			targetProxy = F3E381B72522793A00FD9E67 /* PBXContainerItemProxy */;
		};
		F3E381C32522793A00FD9E67 /* PBXTargetDependency */ = {
			isa = PBXTargetDependency;
			target = F3E3819F2522793700FD9E67 /* OpenWeatherApp */;
			targetProxy = F3E381C22522793A00FD9E67 /* PBXContainerItemProxy */;
		};
/* End PBXTargetDependency section */

/* Begin PBXVariantGroup section */
		F3E381A92522793700FD9E67 /* Main.storyboard */ = {
			isa = PBXVariantGroup;
			children = (
				F3E381AA2522793700FD9E67 /* Base */,
			);
			name = Main.storyboard;
			sourceTree = "<group>";
		};
		F3E381AE2522793900FD9E67 /* LaunchScreen.storyboard */ = {
			isa = PBXVariantGroup;
			children = (
				F3E381AF2522793900FD9E67 /* Base */,
			);
			name = LaunchScreen.storyboard;
			sourceTree = "<group>";
		};
/* End PBXVariantGroup section */

/* Begin XCBuildConfiguration section */
		F3E381C82522793A00FD9E67 /* Debug */ = {
			isa = XCBuildConfiguration;
			buildSettings = {
				ALWAYS_SEARCH_USER_PATHS = NO;
				CLANG_ANALYZER_NONNULL = YES;
				CLANG_ANALYZER_NUMBER_OBJECT_CONVERSION = YES_AGGRESSIVE;
				CLANG_CXX_LANGUAGE_STANDARD = "gnu++14";
				CLANG_CXX_LIBRARY = "libc++";
				CLANG_ENABLE_MODULES = YES;
				CLANG_ENABLE_OBJC_ARC = YES;
				CLANG_ENABLE_OBJC_WEAK = YES;
				CLANG_WARN_BLOCK_CAPTURE_AUTORELEASING = YES;
				CLANG_WARN_BOOL_CONVERSION = YES;
				CLANG_WARN_COMMA = YES;
				CLANG_WARN_CONSTANT_CONVERSION = YES;
				CLANG_WARN_DEPRECATED_OBJC_IMPLEMENTATIONS = YES;
				CLANG_WARN_DIRECT_OBJC_ISA_USAGE = YES_ERROR;
				CLANG_WARN_DOCUMENTATION_COMMENTS = YES;
				CLANG_WARN_EMPTY_BODY = YES;
				CLANG_WARN_ENUM_CONVERSION = YES;
				CLANG_WARN_INFINITE_RECURSION = YES;
				CLANG_WARN_INT_CONVERSION = YES;
				CLANG_WARN_NON_LITERAL_NULL_CONVERSION = YES;
				CLANG_WARN_OBJC_IMPLICIT_RETAIN_SELF = YES;
				CLANG_WARN_OBJC_LITERAL_CONVERSION = YES;
				CLANG_WARN_OBJC_ROOT_CLASS = YES_ERROR;
				CLANG_WARN_QUOTED_INCLUDE_IN_FRAMEWORK_HEADER = YES;
				CLANG_WARN_RANGE_LOOP_ANALYSIS = YES;
				CLANG_WARN_STRICT_PROTOTYPES = YES;
				CLANG_WARN_SUSPICIOUS_MOVE = YES;
				CLANG_WARN_UNGUARDED_AVAILABILITY = YES_AGGRESSIVE;
				CLANG_WARN_UNREACHABLE_CODE = YES;
				CLANG_WARN__DUPLICATE_METHOD_MATCH = YES;
				COPY_PHASE_STRIP = NO;
				DEBUG_INFORMATION_FORMAT = dwarf;
				ENABLE_STRICT_OBJC_MSGSEND = YES;
				ENABLE_TESTABILITY = YES;
				GCC_C_LANGUAGE_STANDARD = gnu11;
				GCC_DYNAMIC_NO_PIC = NO;
				GCC_NO_COMMON_BLOCKS = YES;
				GCC_OPTIMIZATION_LEVEL = 0;
				GCC_PREPROCESSOR_DEFINITIONS = (
					"DEBUG=1",
					"$(inherited)",
				);
				GCC_WARN_64_TO_32_BIT_CONVERSION = YES;
				GCC_WARN_ABOUT_RETURN_TYPE = YES_ERROR;
				GCC_WARN_UNDECLARED_SELECTOR = YES;
				GCC_WARN_UNINITIALIZED_AUTOS = YES_AGGRESSIVE;
				GCC_WARN_UNUSED_FUNCTION = YES;
				GCC_WARN_UNUSED_VARIABLE = YES;
				IPHONEOS_DEPLOYMENT_TARGET = 14.0;
				MTL_ENABLE_DEBUG_INFO = INCLUDE_SOURCE;
				MTL_FAST_MATH = YES;
				ONLY_ACTIVE_ARCH = YES;
				SDKROOT = iphoneos;
				SWIFT_ACTIVE_COMPILATION_CONDITIONS = DEBUG;
				SWIFT_OPTIMIZATION_LEVEL = "-Onone";
			};
			name = Debug;
		};
		F3E381C92522793A00FD9E67 /* Release */ = {
			isa = XCBuildConfiguration;
			buildSettings = {
				ALWAYS_SEARCH_USER_PATHS = NO;
				CLANG_ANALYZER_NONNULL = YES;
				CLANG_ANALYZER_NUMBER_OBJECT_CONVERSION = YES_AGGRESSIVE;
				CLANG_CXX_LANGUAGE_STANDARD = "gnu++14";
				CLANG_CXX_LIBRARY = "libc++";
				CLANG_ENABLE_MODULES = YES;
				CLANG_ENABLE_OBJC_ARC = YES;
				CLANG_ENABLE_OBJC_WEAK = YES;
				CLANG_WARN_BLOCK_CAPTURE_AUTORELEASING = YES;
				CLANG_WARN_BOOL_CONVERSION = YES;
				CLANG_WARN_COMMA = YES;
				CLANG_WARN_CONSTANT_CONVERSION = YES;
				CLANG_WARN_DEPRECATED_OBJC_IMPLEMENTATIONS = YES;
				CLANG_WARN_DIRECT_OBJC_ISA_USAGE = YES_ERROR;
				CLANG_WARN_DOCUMENTATION_COMMENTS = YES;
				CLANG_WARN_EMPTY_BODY = YES;
				CLANG_WARN_ENUM_CONVERSION = YES;
				CLANG_WARN_INFINITE_RECURSION = YES;
				CLANG_WARN_INT_CONVERSION = YES;
				CLANG_WARN_NON_LITERAL_NULL_CONVERSION = YES;
				CLANG_WARN_OBJC_IMPLICIT_RETAIN_SELF = YES;
				CLANG_WARN_OBJC_LITERAL_CONVERSION = YES;
				CLANG_WARN_OBJC_ROOT_CLASS = YES_ERROR;
				CLANG_WARN_QUOTED_INCLUDE_IN_FRAMEWORK_HEADER = YES;
				CLANG_WARN_RANGE_LOOP_ANALYSIS = YES;
				CLANG_WARN_STRICT_PROTOTYPES = YES;
				CLANG_WARN_SUSPICIOUS_MOVE = YES;
				CLANG_WARN_UNGUARDED_AVAILABILITY = YES_AGGRESSIVE;
				CLANG_WARN_UNREACHABLE_CODE = YES;
				CLANG_WARN__DUPLICATE_METHOD_MATCH = YES;
				COPY_PHASE_STRIP = NO;
				DEBUG_INFORMATION_FORMAT = "dwarf-with-dsym";
				ENABLE_NS_ASSERTIONS = NO;
				ENABLE_STRICT_OBJC_MSGSEND = YES;
				GCC_C_LANGUAGE_STANDARD = gnu11;
				GCC_NO_COMMON_BLOCKS = YES;
				GCC_WARN_64_TO_32_BIT_CONVERSION = YES;
				GCC_WARN_ABOUT_RETURN_TYPE = YES_ERROR;
				GCC_WARN_UNDECLARED_SELECTOR = YES;
				GCC_WARN_UNINITIALIZED_AUTOS = YES_AGGRESSIVE;
				GCC_WARN_UNUSED_FUNCTION = YES;
				GCC_WARN_UNUSED_VARIABLE = YES;
				IPHONEOS_DEPLOYMENT_TARGET = 14.0;
				MTL_ENABLE_DEBUG_INFO = NO;
				MTL_FAST_MATH = YES;
				SDKROOT = iphoneos;
				SWIFT_COMPILATION_MODE = wholemodule;
				SWIFT_OPTIMIZATION_LEVEL = "-O";
				VALIDATE_PRODUCT = YES;
			};
			name = Release;
		};
		F3E381CB2522793A00FD9E67 /* Debug */ = {
			isa = XCBuildConfiguration;
			buildSettings = {
				ASSETCATALOG_COMPILER_APPICON_NAME = AppIcon;
				ASSETCATALOG_COMPILER_GLOBAL_ACCENT_COLOR_NAME = AccentColor;
				CODE_SIGN_STYLE = Automatic;
				DEVELOPMENT_TEAM = 8643JTSL52;
				INFOPLIST_FILE = OpenWeatherApp/Info.plist;
				LD_RUNPATH_SEARCH_PATHS = (
					"$(inherited)",
					"@executable_path/Frameworks",
				);
				PRODUCT_BUNDLE_IDENTIFIER = pl.crism.OpenWeatherApp;
				PRODUCT_NAME = "$(TARGET_NAME)";
				SWIFT_VERSION = 5.0;
				TARGETED_DEVICE_FAMILY = "1,2";
			};
			name = Debug;
		};
		F3E381CC2522793A00FD9E67 /* Release */ = {
			isa = XCBuildConfiguration;
			buildSettings = {
				ASSETCATALOG_COMPILER_APPICON_NAME = AppIcon;
				ASSETCATALOG_COMPILER_GLOBAL_ACCENT_COLOR_NAME = AccentColor;
				CODE_SIGN_STYLE = Automatic;
				DEVELOPMENT_TEAM = 8643JTSL52;
				INFOPLIST_FILE = OpenWeatherApp/Info.plist;
				LD_RUNPATH_SEARCH_PATHS = (
					"$(inherited)",
					"@executable_path/Frameworks",
				);
				PRODUCT_BUNDLE_IDENTIFIER = pl.crism.OpenWeatherApp;
				PRODUCT_NAME = "$(TARGET_NAME)";
				SWIFT_VERSION = 5.0;
				TARGETED_DEVICE_FAMILY = "1,2";
			};
			name = Release;
		};
		F3E381CE2522793A00FD9E67 /* Debug */ = {
			isa = XCBuildConfiguration;
			buildSettings = {
				ALWAYS_EMBED_SWIFT_STANDARD_LIBRARIES = YES;
				BUNDLE_LOADER = "$(TEST_HOST)";
				CODE_SIGN_STYLE = Automatic;
				DEVELOPMENT_TEAM = 8643JTSL52;
				INFOPLIST_FILE = OpenWeatherAppTests/Info.plist;
				IPHONEOS_DEPLOYMENT_TARGET = 14.0;
				LD_RUNPATH_SEARCH_PATHS = (
					"$(inherited)",
					"@executable_path/Frameworks",
					"@loader_path/Frameworks",
				);
				PRODUCT_BUNDLE_IDENTIFIER = pl.crism.OpenWeatherAppTests;
				PRODUCT_NAME = "$(TARGET_NAME)";
				SWIFT_VERSION = 5.0;
				TARGETED_DEVICE_FAMILY = "1,2";
				TEST_HOST = "$(BUILT_PRODUCTS_DIR)/OpenWeatherApp.app/OpenWeatherApp";
			};
			name = Debug;
		};
		F3E381CF2522793A00FD9E67 /* Release */ = {
			isa = XCBuildConfiguration;
			buildSettings = {
				ALWAYS_EMBED_SWIFT_STANDARD_LIBRARIES = YES;
				BUNDLE_LOADER = "$(TEST_HOST)";
				CODE_SIGN_STYLE = Automatic;
				DEVELOPMENT_TEAM = 8643JTSL52;
				INFOPLIST_FILE = OpenWeatherAppTests/Info.plist;
				IPHONEOS_DEPLOYMENT_TARGET = 14.0;
				LD_RUNPATH_SEARCH_PATHS = (
					"$(inherited)",
					"@executable_path/Frameworks",
					"@loader_path/Frameworks",
				);
				PRODUCT_BUNDLE_IDENTIFIER = pl.crism.OpenWeatherAppTests;
				PRODUCT_NAME = "$(TARGET_NAME)";
				SWIFT_VERSION = 5.0;
				TARGETED_DEVICE_FAMILY = "1,2";
				TEST_HOST = "$(BUILT_PRODUCTS_DIR)/OpenWeatherApp.app/OpenWeatherApp";
			};
			name = Release;
		};
		F3E381D12522793A00FD9E67 /* Debug */ = {
			isa = XCBuildConfiguration;
			buildSettings = {
				ALWAYS_EMBED_SWIFT_STANDARD_LIBRARIES = YES;
				CODE_SIGN_STYLE = Automatic;
				DEVELOPMENT_TEAM = 8643JTSL52;
				INFOPLIST_FILE = OpenWeatherAppUITests/Info.plist;
				LD_RUNPATH_SEARCH_PATHS = (
					"$(inherited)",
					"@executable_path/Frameworks",
					"@loader_path/Frameworks",
				);
				PRODUCT_BUNDLE_IDENTIFIER = pl.crism.OpenWeatherAppUITests;
				PRODUCT_NAME = "$(TARGET_NAME)";
				SWIFT_VERSION = 5.0;
				TARGETED_DEVICE_FAMILY = "1,2";
				TEST_TARGET_NAME = OpenWeatherApp;
			};
			name = Debug;
		};
		F3E381D22522793A00FD9E67 /* Release */ = {
			isa = XCBuildConfiguration;
			buildSettings = {
				ALWAYS_EMBED_SWIFT_STANDARD_LIBRARIES = YES;
				CODE_SIGN_STYLE = Automatic;
				DEVELOPMENT_TEAM = 8643JTSL52;
				INFOPLIST_FILE = OpenWeatherAppUITests/Info.plist;
				LD_RUNPATH_SEARCH_PATHS = (
					"$(inherited)",
					"@executable_path/Frameworks",
					"@loader_path/Frameworks",
				);
				PRODUCT_BUNDLE_IDENTIFIER = pl.crism.OpenWeatherAppUITests;
				PRODUCT_NAME = "$(TARGET_NAME)";
				SWIFT_VERSION = 5.0;
				TARGETED_DEVICE_FAMILY = "1,2";
				TEST_TARGET_NAME = OpenWeatherApp;
			};
			name = Release;
		};
/* End XCBuildConfiguration section */

/* Begin XCConfigurationList section */
		F3E3819B2522793700FD9E67 /* Build configuration list for PBXProject "OpenWeatherApp" */ = {
			isa = XCConfigurationList;
			buildConfigurations = (
				F3E381C82522793A00FD9E67 /* Debug */,
				F3E381C92522793A00FD9E67 /* Release */,
			);
			defaultConfigurationIsVisible = 0;
			defaultConfigurationName = Release;
		};
		F3E381CA2522793A00FD9E67 /* Build configuration list for PBXNativeTarget "OpenWeatherApp" */ = {
			isa = XCConfigurationList;
			buildConfigurations = (
				F3E381CB2522793A00FD9E67 /* Debug */,
				F3E381CC2522793A00FD9E67 /* Release */,
			);
			defaultConfigurationIsVisible = 0;
			defaultConfigurationName = Release;
		};
		F3E381CD2522793A00FD9E67 /* Build configuration list for PBXNativeTarget "OpenWeatherAppTests" */ = {
			isa = XCConfigurationList;
			buildConfigurations = (
				F3E381CE2522793A00FD9E67 /* Debug */,
				F3E381CF2522793A00FD9E67 /* Release */,
			);
			defaultConfigurationIsVisible = 0;
			defaultConfigurationName = Release;
		};
		F3E381D02522793A00FD9E67 /* Build configuration list for PBXNativeTarget "OpenWeatherAppUITests" */ = {
			isa = XCConfigurationList;
			buildConfigurations = (
				F3E381D12522793A00FD9E67 /* Debug */,
				F3E381D22522793A00FD9E67 /* Release */,
			);
			defaultConfigurationIsVisible = 0;
			defaultConfigurationName = Release;
		};
/* End XCConfigurationList section */
	};
	rootObject = F3E381982522793700FD9E67 /* Project object */;
}
